
Microsoft Visual Studio Solution File, Format Version 12.00
# Visual Studio 15
VisualStudioVersion = 15.0.27004.2010
MinimumVisualStudioVersion = 10.0.40219.1
Project("{FAE04EC0-301F-11D3-BF4B-00C04F79EFBC}") = "CrockfordBase32Core", "CrockfordBase32Core\CrockfordBase32Core.csproj", "{69ABAB54-7A9E-43F3-8FD5-789C27646B1C}"
EndProject
Project("{9A19103F-16F7-4668-BE54-9A1E7A4F7556}") = "CrockfordBase32Core.Tests", "CrockfordBase32Core.Tests\CrockfordBase32Core.Tests.csproj", "{7F853E95-1955-467D-B19C-493A8D86629B}"
EndProject
Global
	GlobalSection(SolutionConfigurationPlatforms) = preSolution
		Debug|Any CPU = Debug|Any CPU
		Release|Any CPU = Release|Any CPU
	EndGlobalSection
	GlobalSection(ProjectConfigurationPlatforms) = postSolution
		{69ABAB54-7A9E-43F3-8FD5-789C27646B1C}.Debug|Any CPU.ActiveCfg = Debug|Any CPU
		{69ABAB54-7A9E-43F3-8FD5-789C27646B1C}.Debug|Any CPU.Build.0 = Debug|Any CPU
		{69ABAB54-7A9E-43F3-8FD5-789C27646B1C}.Release|Any CPU.ActiveCfg = Release|Any CPU
		{69ABAB54-7A9E-43F3-8FD5-789C27646B1C}.Release|Any CPU.Build.0 = Release|Any CPU
		{7F853E95-1955-467D-B19C-493A8D86629B}.Debug|Any CPU.ActiveCfg = Debug|Any CPU
		{7F853E95-1955-467D-B19C-493A8D86629B}.Debug|Any CPU.Build.0 = Debug|Any CPU
		{7F853E95-1955-467D-B19C-493A8D86629B}.Release|Any CPU.ActiveCfg = Release|Any CPU
		{7F853E95-1955-467D-B19C-493A8D86629B}.Release|Any CPU.Build.0 = Release|Any CPU
	EndGlobalSection
	GlobalSection(SolutionProperties) = preSolution
		HideSolutionNode = FALSE
	EndGlobalSection
	GlobalSection(ExtensibilityGlobals) = postSolution
		SolutionGuid = {56AE41A3-B4F7-4EA9-A66D-32B49A84E5D5}
	EndGlobalSection
EndGlobal
